schema_version=1
desktop_reference_target=exact_pinned_dusklight
desktop_reference_role=behavioral_oracle
desktop_reference_is_port_target=false
dusklight_url=https://github.com/TwilitRealm/dusklight.git
dusklight_commit=1bae8a5e6a812217ca33ba533e707ecfa64b1553
dusklight_tree=dbd0de5c47808b5a78daa24c391166936bd6acc5
dusklight_license=CC0-1.0
dusklight_mirror=.cache/provenance/dusklight.git
aurora_url=https://github.com/encounter/aurora.git
aurora_path=extern/aurora
aurora_commit=81f12f31d23ec822d8bde2031c91e94c470911eb
aurora_tree=5330068f39c624dc85c20533eb0c13a40cca5570
aurora_license=MIT
aurora_mirror=.cache/provenance/aurora.git
nod_url=https://github.com/encounter/nod.git
nod_tag=v2.0.0-alpha.10
nod_commit=dc18d2ff129f05228b8510ea092d8b24c290a49a
nod_tree=96204981e7a5916f8cff2d1c730b4f1bde7aa922
nod_license=Apache-2.0 OR MIT
nod_mirror=.cache/provenance/nod.git
gitlink_count=1
network_allowed=false
authority=toolchain/loader-sources.lock
dawn_repository=https://github.com/encounter/dawn
dawn_release=v20260618.032059
dawn_commit=266c1cf8de969a364afa4fa49311631fc99a881e
dawn_asset=dawn-darwin-arm64.tar.gz
dawn_asset_sha256=a9cc9903761e60cf70d7d771bd0c482be1943e273717782d71c33313afeb6080
dawn_asset_size=5154029
dawn_provider=package
dawn_linkage=static
dawn_config_path=lib/cmake/Dawn/DawnConfig.cmake
dawn_download_source=official_github_release
sdl_repository=https://github.com/libsdl-org/SDL
sdl_release=release-3.4.10
sdl_asset=SDL3-3.4.10.tar.gz
sdl_asset_sha256=12b34280415ec8418c864408b93d008a20a6530687ee613d60bfbd20411f2785
sdl_asset_size=15606216
sdl_provider=vendor
sdl_linkage=static
sdl_download_source=official_github_release
dependency_hydration_network_access_performed=true
dependency_hydration_network_scope=sdl_miniz_pinned_fetchcontent_corrosion_symgen
dependency_network_allowed_after_hydration=false
miniz_repository=richgel999/miniz
miniz_version=3.0.2
miniz_commit=293d4db1b7d0ffee9756d035b9ac6f7431ef8492
miniz_integrity_authority=vcpkg_independent_sha512
miniz_vcpkg_commit=89fe1e9a672ffe1c543e6956b92e69ab1a62b936
miniz_source_archive_sha512=426054403121f84a2ac365f7545b35fb217b41061aebaffce483568d3d374d453ab87987c599a85f1f745e0ec7144a3181ed9b100f354e2823f165ba286b0611
miniz_source_archive_sha256=c4b4c25a4eb81883448ff8924e6dba95c800094a198dc9ce66a292ac2ef8e018
miniz_source_archive_size=115766
miniz_amalgamated_archive_sha256=a3eef9ae5541a1289f7fa067a58870994b4884860ba94ed3071c5432ea149314
miniz_amalgamated_archive_size=98045
miniz_amalgamated_inventory_sha256=53d4a9e6bd8a3388c00a71f75497683fcc6fbcada7886d16086421b5a3eabd53
miniz_provider=verified_local_source
xxhash_url=https://github.com/Cyan4973/xxHash/archive/refs/tags/v0.8.3.tar.gz
xxhash_sha256=aae608dfe8213dfd05d909a57718ef82f30722c392344583d3f39050c7f29a80
xxhash_source_archive_size=1147630
xxhash_license=BSD-2-Clause
imgui_url=https://github.com/ocornut/imgui/archive/refs/tags/v1.91.9b-docking.tar.gz
imgui_sha256=466fdef9b18de15f0bb6e288e3d00ffa3d82200ec458ce5e4f724a161d9528a5
imgui_source_archive_size=2006500
imgui_license=MIT
rmlui_url=https://github.com/mikke89/RmlUi/archive/f9b8c9e2935d5df2c7dff2c190d3968e99b0c3dc.tar.gz
rmlui_sha256=42b830abc2509a8c07cf02ba3313505de3a4642725654f489402022d8fefdd79
rmlui_source_archive_size=3903648
rmlui_license=MIT
tracy_url=https://github.com/wolfpld/tracy/archive/6789e7d6f9a65ec98926b602097a33a9676d2606.tar.gz
tracy_sha256=ebfe4fb50d7c254901979355c80a7d4cd33624aa2ec0fe90b3b238153cd5d69b
tracy_source_archive_size=5650539
tracy_license=BSD-3-Clause
cxxopts_url=https://github.com/jarro2783/cxxopts/archive/refs/tags/v3.3.1.tar.gz
cxxopts_sha256=3bfc70542c521d4b55a46429d808178916a579b28d048bd8c727ee76c39e2072
cxxopts_source_archive_size=161557
cxxopts_license=MIT
json_url=https://github.com/nlohmann/json/releases/download/v3.12.0/json.tar.xz
json_sha256=42f6e95cad6ec532fd372391373363b62a14af6d771056dbfc86160e6dfff7aa
json_source_archive_size=114576
json_license=MIT
corrosion_repository=https://github.com/corrosion-rs/corrosion.git
corrosion_tag=v0.6.1
corrosion_commit=1499b14e4906a2890f5cee1547c8848db261753d
corrosion_tree=17a5818a70a8c97bdaeaebe860f97446f1176dad
corrosion_integrity_authority=exact_git_commit_and_tree
corrosion_license=MIT
googletest_url=https://github.com/google/googletest/archive/refs/tags/v1.17.0.tar.gz
googletest_sha256=65fab701d9829d38cb77c14acdc431d2108bfdbf8979e40eb8ae567edf10b27c
googletest_source_archive_size=885595
googletest_license=BSD-3-Clause
symgen_repository=https://github.com/encounter/symgen
symgen_release=v1.2.3
symgen_asset=symgen-macos-arm64
symgen_asset_sha256=662d257a66ebd750e93d68b6400be1bf8e04158571ccc808baa53abc53a7ac45
symgen_asset_size=2248864
symgen_license=MIT
